#MicroXplorer Configuration settings - do not modify
Mcu.Family=STM32F0
ProjectManager.MainLocation=Src
PA2.GPIO_PuPd=GPIO_PULLUP
RCC.I2SFreq_Value=8000000
PA6.Mode=Full_Duplex_Master
RCC.USART1Freq_Value=8000000
ProjectManager.ProjectFileName=switch.ioc
PB8.GPIOParameters=GPIO_PuPd,GPIO_Label
PA7.Mode=Full_Duplex_Master
ProjectManager.KeepUserCode=true
PA10.Mode=Asynchronous
Mcu.UserName=STM32F042F6Px
Mcu.PinsNb=17
SPI1.VirtualType=VM_MASTER
ProjectManager.NoMain=false
SPI1.IPParameters=VirtualType,Mode,Direction,CalculateBaudRate,VirtualNSS,BaudRatePrescaler,DataSize
RCC.PLLCLKFreq_Value=16000000
PA3.GPIO_PuPd=GPIO_PULLUP
PA0.GPIO_Label=SWA0
ProjectManager.functionlistsort=1-MX_GPIO_Init-GPIO-false-LL-true,2-SystemClock_Config-RCC-false-LL-false,3-MX_SPI1_Init-SPI1-false-LL-true,4-MX_USART1_UART_Init-USART1-false-LL-true
PB8.GPIO_PuPd=GPIO_PULLUP
PA3.GPIOParameters=GPIO_PuPd,GPIO_Label
ProjectManager.DefaultFWLocation=true
NVIC.SVC_IRQn=true\:0\:0\:false\:false\:true\:false\:false
ProjectManager.DeletePrevious=true
PF1-OSC_OUT.Locked=true
USART1.IPParameters=VirtualMode
PA2.GPIOParameters=GPIO_PuPd,GPIO_Label
PinOutPanel.RotationAngle=0
RCC.FamilyName=M
ProjectManager.StackSize=0x400
PA13.Signal=SYS_SWDIO
Mcu.IP4=USART1
RCC.FCLKCortexFreq_Value=8000000
Mcu.IP2=SPI1
PB8.GPIO_Label=JPB0
Mcu.IP3=SYS
Mcu.IP0=NVIC
PA9.Mode=Asynchronous
Mcu.IP1=RCC
Mcu.UserConstants=
PA4.Mode=NSS_Signal_Hard_Output
ProjectManager.TargetToolchain=Makefile
PF0-OSC_IN.GPIO_PuPd=GPIO_PULLUP
Mcu.ThirdPartyNb=0
SPI1.Direction=SPI_DIRECTION_2LINES
PB1.GPIO_PuPd=GPIO_PULLUP
RCC.HCLKFreq_Value=8000000
Mcu.IPNb=5
ProjectManager.PreviousToolchain=SW4STM32
PF1-OSC_OUT.GPIO_PuPd=GPIO_PULLUP
PA9.Signal=USART1_TX
SPI1.CalculateBaudRate=4.0 MBits/s
Mcu.Pin6=PA3
Mcu.Pin7=PA4
Mcu.Pin8=PA5
Mcu.Pin9=PA6
PF1-OSC_OUT.GPIOParameters=GPIO_PuPd,GPIO_Label
PA1.GPIO_PuPd=GPIO_PULLUP
PA1.Signal=GPIO_Input
RCC.AHBFreq_Value=8000000
Mcu.Pin0=PB8
PB1.Locked=true
Mcu.Pin1=PF0-OSC_IN
GPIO.groupedBy=
Mcu.Pin2=PF1-OSC_OUT
Mcu.Pin3=PA0
Mcu.Pin4=PA1
Mcu.Pin5=PA2
PA5.Signal=SPI1_SCK
ProjectManager.ProjectBuild=false
PA0.Locked=true
PF0-OSC_IN.GPIO_Label=JPA1
board=custom
NVIC.SysTick_IRQn=true\:0\:0\:false\:false\:true\:false\:true
ProjectManager.LastFirmware=true
RCC.VCOOutput2Freq_Value=8000000
ProjectManager.FirmwarePackage=STM32Cube FW_F0 V1.11.0
MxDb.Version=DB.5.0.60
PA1.GPIOParameters=GPIO_PuPd,GPIO_Label
ProjectManager.BackupPrevious=false
MxCube.Version=5.6.1
SPI1.Mode=SPI_MODE_MASTER
PA14.Mode=Serial_Wire
PF0-OSC_IN.Locked=true
PB1.GPIO_Label=JPA0
SPI1.DataSize=SPI_DATASIZE_16BIT
File.Version=6
PF1-OSC_OUT.GPIO_Label=JPB1
PA1.GPIO_Label=SWA1
VP_SYS_VS_Systick.Mode=SysTick
PB8.Locked=true
NVIC.NonMaskableInt_IRQn=true\:0\:0\:false\:false\:true\:false\:false
SPI1.VirtualNSS=VM_NSSHARD
NVIC.PendSV_IRQn=true\:0\:0\:false\:false\:true\:false\:false
PA13.Mode=Serial_Wire
ProjectManager.FreePins=true
RCC.IPParameters=AHBFreq_Value,APB1Freq_Value,APB1TimFreq_Value,CECFreq_Value,FCLKCortexFreq_Value,FamilyName,HCLKFreq_Value,HSICECFreq_Value,I2SFreq_Value,PLLCLKFreq_Value,SYSCLKFreq_VALUE,TimSysFreq_Value,USART1Freq_Value,VCOOutput2Freq_Value
ProjectManager.AskForMigrate=true
Mcu.Name=STM32F042F6Px
ProjectManager.HalAssertFull=false
PA2.Signal=GPIO_Input
ProjectManager.ProjectName=switch
ProjectManager.UnderRoot=false
PA0.Signal=GPIO_Input
RCC.HSICECFreq_Value=32786.88524590164
ProjectManager.CoupleFile=false
PA4.Signal=SPI1_NSS
RCC.SYSCLKFreq_VALUE=8000000
Mcu.Package=TSSOP20
PB1.Signal=GPIO_Input
PA6.Signal=SPI1_MISO
RCC.TimSysFreq_Value=8000000
PA1.Locked=true
PA3.Locked=true
NVIC.ForceEnableDMAVector=true
KeepUserPlacement=false
USART1.VirtualMode=VM_ASYNC
ProjectManager.CompilerOptimize=6
PA0.GPIO_PuPd=GPIO_PULLUP
ProjectManager.ToolChainLocation=
PA2.GPIO_Label=SWB0
VP_SYS_VS_Systick.Signal=SYS_VS_Systick
PA10.Signal=USART1_RX
PA14.Signal=SYS_SWCLK
ProjectManager.HeapSize=0x200
PA0.GPIOParameters=GPIO_PuPd,GPIO_Label
Mcu.Pin15=PA14
NVIC.HardFault_IRQn=true\:0\:0\:false\:false\:true\:false\:false
Mcu.Pin16=VP_SYS_VS_Systick
Mcu.Pin13=PA10
Mcu.Pin14=PA13
ProjectManager.ComputerToolchain=false
Mcu.Pin11=PB1
Mcu.Pin12=PA9
Mcu.Pin10=PA7
RCC.CECFreq_Value=32786.88524590164
RCC.APB1TimFreq_Value=8000000
PB8.Signal=GPIO_Input
PF0-OSC_IN.Signal=GPIO_Input
PF0-OSC_IN.GPIOParameters=GPIO_PuPd,GPIO_Label
RCC.APB1Freq_Value=8000000
SPI1.BaudRatePrescaler=SPI_BAUDRATEPRESCALER_2
ProjectManager.CustomerFirmwarePackage=
ProjectManager.DeviceId=STM32F042F6Px
PF1-OSC_OUT.Signal=GPIO_Input
ProjectManager.LibraryCopy=1
PA3.GPIO_Label=SWB1
PA3.Signal=GPIO_Input
PB1.GPIOParameters=GPIO_PuPd,GPIO_Label
PA5.Mode=Full_Duplex_Master
PA7.Signal=SPI1_MOSI
PA2.Locked=true
